
Microsoft Visual Studio Solution File, Format Version 12.00
# Visual Studio Version 16
VisualStudioVersion = 16.0.31515.178
MinimumVisualStudioVersion = 10.0.40219.1
Project("{FAE04EC0-301F-11D3-BF4B-00C04F79EFBC}") = "ValueTypeAndReferenceTypeClass", "ValueTypeAndReferenceType\ValueTypeAndReferenceTypeClass.csproj", "{C933F6B4-B738-4D63-879F-C099D526AA6A}"
EndProject
Project("{FAE04EC0-301F-11D3-BF4B-00C04F79EFBC}") = "ValueTypeAndReferenceTypeStruct", "ValueTypeAndReferenceTypeStruct\ValueTypeAndReferenceTypeStruct.csproj", "{B215B03B-EBAC-4568-AF26-AD2693FF825A}"
EndProject
Global
	GlobalSection(SolutionConfigurationPlatforms) = preSolution
		Debug|Any CPU = Debug|Any CPU
		Release|Any CPU = Release|Any CPU
	EndGlobalSection
	GlobalSection(ProjectConfigurationPlatforms) = postSolution
		{C933F6B4-B738-4D63-879F-C099D526AA6A}.Debug|Any CPU.ActiveCfg = Debug|Any CPU
		{C933F6B4-B738-4D63-879F-C099D526AA6A}.Debug|Any CPU.Build.0 = Debug|Any CPU
		{C933F6B4-B738-4D63-879F-C099D526AA6A}.Release|Any CPU.ActiveCfg = Release|Any CPU
		{C933F6B4-B738-4D63-879F-C099D526AA6A}.Release|Any CPU.Build.0 = Release|Any CPU
		{B215B03B-EBAC-4568-AF26-AD2693FF825A}.Debug|Any CPU.ActiveCfg = Debug|Any CPU
		{B215B03B-EBAC-4568-AF26-AD2693FF825A}.Debug|Any CPU.Build.0 = Debug|Any CPU
		{B215B03B-EBAC-4568-AF26-AD2693FF825A}.Release|Any CPU.ActiveCfg = Release|Any CPU
		{B215B03B-EBAC-4568-AF26-AD2693FF825A}.Release|Any CPU.Build.0 = Release|Any CPU
	EndGlobalSection
	GlobalSection(SolutionProperties) = preSolution
		HideSolutionNode = FALSE
	EndGlobalSection
	GlobalSection(ExtensibilityGlobals) = postSolution
		SolutionGuid = {144952F2-5E5C-424B-8281-2F8BD1081FD8}
	EndGlobalSection
EndGlobal
